
Microsoft Visual Studio Solution File, Format Version 12.00
# Visual Studio Version 17
VisualStudioVersion = 17.0.31903.59
MinimumVisualStudioVersion = 10.0.40219.1
Project("{FAE04EC0-301F-11D3-BF4B-00C04F79EFBC}") = "Task1", "Task1\Task1.csproj", "{38AAF977-89AE-416A-B2D2-06CC27352CD7}"
EndProject
Project("{FAE04EC0-301F-11D3-BF4B-00C04F79EFBC}") = "Task2", "Task2\Task2.csproj", "{BCBF22CE-CFD5-4358-A0CB-52BBCC334AD7}"
EndProject
Project("{FAE04EC0-301F-11D3-BF4B-00C04F79EFBC}") = "Task3", "Task3\Task3.csproj", "{EC02489A-8581-44C3-A129-86BAD8D09430}"
EndProject
Global
	GlobalSection(SolutionConfigurationPlatforms) = preSolution
		Debug|Any CPU = Debug|Any CPU
		Release|Any CPU = Release|Any CPU
	EndGlobalSection
	GlobalSection(SolutionProperties) = preSolution
		HideSolutionNode = FALSE
	EndGlobalSection
	GlobalSection(ProjectConfigurationPlatforms) = postSolution
		{38AAF977-89AE-416A-B2D2-06CC27352CD7}.Debug|Any CPU.ActiveCfg = Debug|Any CPU
		{38AAF977-89AE-416A-B2D2-06CC27352CD7}.Debug|Any CPU.Build.0 = Debug|Any CPU
		{38AAF977-89AE-416A-B2D2-06CC27352CD7}.Release|Any CPU.ActiveCfg = Release|Any CPU
		{38AAF977-89AE-416A-B2D2-06CC27352CD7}.Release|Any CPU.Build.0 = Release|Any CPU
		{BCBF22CE-CFD5-4358-A0CB-52BBCC334AD7}.Debug|Any CPU.ActiveCfg = Debug|Any CPU
		{BCBF22CE-CFD5-4358-A0CB-52BBCC334AD7}.Debug|Any CPU.Build.0 = Debug|Any CPU
		{BCBF22CE-CFD5-4358-A0CB-52BBCC334AD7}.Release|Any CPU.ActiveCfg = Release|Any CPU
		{BCBF22CE-CFD5-4358-A0CB-52BBCC334AD7}.Release|Any CPU.Build.0 = Release|Any CPU
		{EC02489A-8581-44C3-A129-86BAD8D09430}.Debug|Any CPU.ActiveCfg = Debug|Any CPU
		{EC02489A-8581-44C3-A129-86BAD8D09430}.Debug|Any CPU.Build.0 = Debug|Any CPU
		{EC02489A-8581-44C3-A129-86BAD8D09430}.Release|Any CPU.ActiveCfg = Release|Any CPU
		{EC02489A-8581-44C3-A129-86BAD8D09430}.Release|Any CPU.Build.0 = Release|Any CPU
	EndGlobalSection
EndGlobal
